// !$*UTF8*$!
{
	archiveVersion = 1;
	classes = {
	};
	objectVersion = 50;
	objects = {

/* Begin PBXBuildFile section */
		880502D52690631F002E2C5A /* Coordinator.swift in Sources */ = {isa = PBXBuildFile; fileRef = 880502D42690631F002E2C5A /* Coordinator.swift */; };
		880502D826906514002E2C5A /* AppCoordinator.swift in Sources */ = {isa = PBXBuildFile; fileRef = 880502D726906514002E2C5A /* AppCoordinator.swift */; };
		880502DC269065E9002E2C5A /* Assembly.swift in Sources */ = {isa = PBXBuildFile; fileRef = 880502DB269065E9002E2C5A /* Assembly.swift */; };
		880502E0269083C8002E2C5A /* AuthCoordinator.swift in Sources */ = {isa = PBXBuildFile; fileRef = 880502DF269083C8002E2C5A /* AuthCoordinator.swift */; };
		88791C8B26903F1A00364E9D /* NetworkService.swift in Sources */ = {isa = PBXBuildFile; fileRef = 88791C8A26903F1A00364E9D /* NetworkService.swift */; };
		88A238EE268A146D0044C3BF /* AuthViewModel.swift in Sources */ = {isa = PBXBuildFile; fileRef = 88A238ED268A146C0044C3BF /* AuthViewModel.swift */; };
		88AE51FE2689C96F008FFC50 /* AppDelegate.swift in Sources */ = {isa = PBXBuildFile; fileRef = 88AE51FD2689C96F008FFC50 /* AppDelegate.swift */; };
		88AE52002689C96F008FFC50 /* SceneDelegate.swift in Sources */ = {isa = PBXBuildFile; fileRef = 88AE51FF2689C96F008FFC50 /* SceneDelegate.swift */; };
		88AE52022689C96F008FFC50 /* AuthViewController.swift in Sources */ = {isa = PBXBuildFile; fileRef = 88AE52012689C96F008FFC50 /* AuthViewController.swift */; };
		88AE52072689C973008FFC50 /* Assets.xcassets in Resources */ = {isa = PBXBuildFile; fileRef = 88AE52062689C973008FFC50 /* Assets.xcassets */; };
		88AE520A2689C973008FFC50 /* LaunchScreen.storyboard in Resources */ = {isa = PBXBuildFile; fileRef = 88AE52082689C973008FFC50 /* LaunchScreen.storyboard */; };
		88AE52162689CB60008FFC50 /* AuthView.swift in Sources */ = {isa = PBXBuildFile; fileRef = 88AE52152689CB60008FFC50 /* AuthView.swift */; };
		88FA6433268DA7DD00662E51 /* Message.swift in Sources */ = {isa = PBXBuildFile; fileRef = 88FA6432268DA7DD00662E51 /* Message.swift */; };
/* End PBXBuildFile section */

/* Begin PBXFileReference section */
		880502D42690631F002E2C5A /* Coordinator.swift */ = {isa = PBXFileReference; lastKnownFileType = sourcecode.swift; path = Coordinator.swift; sourceTree = "<group>"; };
		880502D726906514002E2C5A /* AppCoordinator.swift */ = {isa = PBXFileReference; lastKnownFileType = sourcecode.swift; path = AppCoordinator.swift; sourceTree = "<group>"; };
		880502DB269065E9002E2C5A /* Assembly.swift */ = {isa = PBXFileReference; lastKnownFileType = sourcecode.swift; path = Assembly.swift; sourceTree = "<group>"; };
		880502DF269083C8002E2C5A /* AuthCoordinator.swift */ = {isa = PBXFileReference; lastKnownFileType = sourcecode.swift; path = AuthCoordinator.swift; sourceTree = "<group>"; };
		88791C8A26903F1A00364E9D /* NetworkService.swift */ = {isa = PBXFileReference; lastKnownFileType = sourcecode.swift; path = NetworkService.swift; sourceTree = "<group>"; };
		88A238ED268A146C0044C3BF /* AuthViewModel.swift */ = {isa = PBXFileReference; lastKnownFileType = sourcecode.swift; path = AuthViewModel.swift; sourceTree = "<group>"; };
		88AE51FA2689C96F008FFC50 /* SocketChat.app */ = {isa = PBXFileReference; explicitFileType = wrapper.application; includeInIndex = 0; path = SocketChat.app; sourceTree = BUILT_PRODUCTS_DIR; };
		88AE51FD2689C96F008FFC50 /* AppDelegate.swift */ = {isa = PBXFileReference; lastKnownFileType = sourcecode.swift; path = AppDelegate.swift; sourceTree = "<group>"; };
		88AE51FF2689C96F008FFC50 /* SceneDelegate.swift */ = {isa = PBXFileReference; lastKnownFileType = sourcecode.swift; path = SceneDelegate.swift; sourceTree = "<group>"; };
		88AE52012689C96F008FFC50 /* AuthViewController.swift */ = {isa = PBXFileReference; lastKnownFileType = sourcecode.swift; path = AuthViewController.swift; sourceTree = "<group>"; };
		88AE52062689C973008FFC50 /* Assets.xcassets */ = {isa = PBXFileReference; lastKnownFileType = folder.assetcatalog; path = Assets.xcassets; sourceTree = "<group>"; };
		88AE52092689C973008FFC50 /* Base */ = {isa = PBXFileReference; lastKnownFileType = file.storyboard; name = Base; path = Base.lproj/LaunchScreen.storyboard; sourceTree = "<group>"; };
		88AE520B2689C973008FFC50 /* Info.plist */ = {isa = PBXFileReference; lastKnownFileType = text.plist.xml; path = Info.plist; sourceTree = "<group>"; };
		88AE52152689CB60008FFC50 /* AuthView.swift */ = {isa = PBXFileReference; lastKnownFileType = sourcecode.swift; path = AuthView.swift; sourceTree = "<group>"; };
		88FA6432268DA7DD00662E51 /* Message.swift */ = {isa = PBXFileReference; lastKnownFileType = sourcecode.swift; path = Message.swift; sourceTree = "<group>"; };
/* End PBXFileReference section */

/* Begin PBXFrameworksBuildPhase section */
		88AE51F72689C96F008FFC50 /* Frameworks */ = {
			isa = PBXFrameworksBuildPhase;
			buildActionMask = 2147483647;
			files = (
			);
			runOnlyForDeploymentPostprocessing = 0;
		};
/* End PBXFrameworksBuildPhase section */

/* Begin PBXGroup section */
		880502D32690630C002E2C5A /* Coordinators */ = {
			isa = PBXGroup;
			children = (
				880502D42690631F002E2C5A /* Coordinator.swift */,
				880502D726906514002E2C5A /* AppCoordinator.swift */,
				880502DF269083C8002E2C5A /* AuthCoordinator.swift */,
			);
			path = Coordinators;
			sourceTree = "<group>";
		};
		880502DA26906590002E2C5A /* Assembly */ = {
			isa = PBXGroup;
			children = (
				880502DB269065E9002E2C5A /* Assembly.swift */,
			);
			path = Assembly;
			sourceTree = "<group>";
		};
		88A238F0268B71490044C3BF /* Service */ = {
			isa = PBXGroup;
			children = (
				88791C8A26903F1A00364E9D /* NetworkService.swift */,
			);
			path = Service;
			sourceTree = "<group>";
		};
		88AE51F12689C96F008FFC50 = {
			isa = PBXGroup;
			children = (
				88AE51FC2689C96F008FFC50 /* SocketChat */,
				88AE51FB2689C96F008FFC50 /* Products */,
			);
			sourceTree = "<group>";
		};
		88AE51FB2689C96F008FFC50 /* Products */ = {
			isa = PBXGroup;
			children = (
				88AE51FA2689C96F008FFC50 /* SocketChat.app */,
			);
			name = Products;
			sourceTree = "<group>";
		};
		88AE51FC2689C96F008FFC50 /* SocketChat */ = {
			isa = PBXGroup;
			children = (
				880502DA26906590002E2C5A /* Assembly */,
				880502D32690630C002E2C5A /* Coordinators */,
				88FA6431268DA7D200662E51 /* Model */,
				88A238F0268B71490044C3BF /* Service */,
				88AE51FD2689C96F008FFC50 /* AppDelegate.swift */,
				88AE51FF2689C96F008FFC50 /* SceneDelegate.swift */,
				88AE52142689CB01008FFC50 /* AuthModule */,
				88AE52062689C973008FFC50 /* Assets.xcassets */,
				88AE52082689C973008FFC50 /* LaunchScreen.storyboard */,
				88AE520B2689C973008FFC50 /* Info.plist */,
			);
			path = SocketChat;
			sourceTree = "<group>";
		};
		88AE52142689CB01008FFC50 /* AuthModule */ = {
			isa = PBXGroup;
			children = (
				88AE52012689C96F008FFC50 /* AuthViewController.swift */,
				88AE52152689CB60008FFC50 /* AuthView.swift */,
				88A238ED268A146C0044C3BF /* AuthViewModel.swift */,
			);
			path = AuthModule;
			sourceTree = "<group>";
		};
		88FA6431268DA7D200662E51 /* Model */ = {
			isa = PBXGroup;
			children = (
				88FA6432268DA7DD00662E51 /* Message.swift */,
			);
			path = Model;
			sourceTree = "<group>";
		};
/* End PBXGroup section */

/* Begin PBXNativeTarget section */
		88AE51F92689C96F008FFC50 /* SocketChat */ = {
			isa = PBXNativeTarget;
			buildConfigurationList = 88AE520E2689C973008FFC50 /* Build configuration list for PBXNativeTarget "SocketChat" */;
			buildPhases = (
				88AE51F62689C96F008FFC50 /* Sources */,
				88AE51F72689C96F008FFC50 /* Frameworks */,
				88AE51F82689C96F008FFC50 /* Resources */,
			);
			buildRules = (
			);
			dependencies = (
			);
			name = SocketChat;
			productName = SocketChat;
			productReference = 88AE51FA2689C96F008FFC50 /* SocketChat.app */;
			productType = "com.apple.product-type.application";
		};
/* End PBXNativeTarget section */

/* Begin PBXProject section */
		88AE51F22689C96F008FFC50 /* Project object */ = {
			isa = PBXProject;
			attributes = {
				LastSwiftUpdateCheck = 1230;
				LastUpgradeCheck = 1230;
				TargetAttributes = {
					88AE51F92689C96F008FFC50 = {
						CreatedOnToolsVersion = 12.3;
					};
				};
			};
			buildConfigurationList = 88AE51F52689C96F008FFC50 /* Build configuration list for PBXProject "SocketChat" */;
			compatibilityVersion = "Xcode 9.3";
			developmentRegion = en;
			hasScannedForEncodings = 0;
			knownRegions = (
				en,
				Base,
			);
			mainGroup = 88AE51F12689C96F008FFC50;
			productRefGroup = 88AE51FB2689C96F008FFC50 /* Products */;
			projectDirPath = "";
			projectRoot = "";
			targets = (
				88AE51F92689C96F008FFC50 /* SocketChat */,
			);
		};
/* End PBXProject section */

/* Begin PBXResourcesBuildPhase section */
		88AE51F82689C96F008FFC50 /* Resources */ = {
			isa = PBXResourcesBuildPhase;
			buildActionMask = 2147483647;
			files = (
				88AE520A2689C973008FFC50 /* LaunchScreen.storyboard in Resources */,
				88AE52072689C973008FFC50 /* Assets.xcassets in Resources */,
			);
			runOnlyForDeploymentPostprocessing = 0;
		};
/* End PBXResourcesBuildPhase section */

/* Begin PBXSourcesBuildPhase section */
		88AE51F62689C96F008FFC50 /* Sources */ = {
			isa = PBXSourcesBuildPhase;
			buildActionMask = 2147483647;
			files = (
				880502D52690631F002E2C5A /* Coordinator.swift in Sources */,
				880502DC269065E9002E2C5A /* Assembly.swift in Sources */,
				88A238EE268A146D0044C3BF /* AuthViewModel.swift in Sources */,
				88AE52022689C96F008FFC50 /* AuthViewController.swift in Sources */,
				88791C8B26903F1A00364E9D /* NetworkService.swift in Sources */,
				88AE51FE2689C96F008FFC50 /* AppDelegate.swift in Sources */,
				880502E0269083C8002E2C5A /* AuthCoordinator.swift in Sources */,
				88AE52162689CB60008FFC50 /* AuthView.swift in Sources */,
				880502D826906514002E2C5A /* AppCoordinator.swift in Sources */,
				88AE52002689C96F008FFC50 /* SceneDelegate.swift in Sources */,
				88FA6433268DA7DD00662E51 /* Message.swift in Sources */,
			);
			runOnlyForDeploymentPostprocessing = 0;
		};
/* End PBXSourcesBuildPhase section */

/* Begin PBXVariantGroup section */
		88AE52082689C973008FFC50 /* LaunchScreen.storyboard */ = {
			isa = PBXVariantGroup;
			children = (
				88AE52092689C973008FFC50 /* Base */,
			);
			name = LaunchScreen.storyboard;
			sourceTree = "<group>";
		};
/* End PBXVariantGroup section */

/* Begin XCBuildConfiguration section */
		88AE520C2689C973008FFC50 /* Debug */ = {
			isa = XCBuildConfiguration;
			buildSettings = {
				ALWAYS_SEARCH_USER_PATHS = NO;
				CLANG_ANALYZER_NONNULL = YES;
				CLANG_ANALYZER_NUMBER_OBJECT_CONVERSION = YES_AGGRESSIVE;
				CLANG_CXX_LANGUAGE_STANDARD = "gnu++14";
				CLANG_CXX_LIBRARY = "libc++";
				CLANG_ENABLE_MODULES = YES;
				CLANG_ENABLE_OBJC_ARC = YES;
				CLANG_ENABLE_OBJC_WEAK = YES;
				CLANG_WARN_BLOCK_CAPTURE_AUTORELEASING = YES;
				CLANG_WARN_BOOL_CONVERSION = YES;
				CLANG_WARN_COMMA = YES;
				CLANG_WARN_CONSTANT_CONVERSION = YES;
				CLANG_WARN_DEPRECATED_OBJC_IMPLEMENTATIONS = YES;
				CLANG_WARN_DIRECT_OBJC_ISA_USAGE = YES_ERROR;
				CLANG_WARN_DOCUMENTATION_COMMENTS = YES;
				CLANG_WARN_EMPTY_BODY = YES;
				CLANG_WARN_ENUM_CONVERSION = YES;
				CLANG_WARN_INFINITE_RECURSION = YES;
				CLANG_WARN_INT_CONVERSION = YES;
				CLANG_WARN_NON_LITERAL_NULL_CONVERSION = YES;
				CLANG_WARN_OBJC_IMPLICIT_RETAIN_SELF = YES;
				CLANG_WARN_OBJC_LITERAL_CONVERSION = YES;
				CLANG_WARN_OBJC_ROOT_CLASS = YES_ERROR;
				CLANG_WARN_QUOTED_INCLUDE_IN_FRAMEWORK_HEADER = YES;
				CLANG_WARN_RANGE_LOOP_ANALYSIS = YES;
				CLANG_WARN_STRICT_PROTOTYPES = YES;
				CLANG_WARN_SUSPICIOUS_MOVE = YES;
				CLANG_WARN_UNGUARDED_AVAILABILITY = YES_AGGRESSIVE;
				CLANG_WARN_UNREACHABLE_CODE = YES;
				CLANG_WARN__DUPLICATE_METHOD_MATCH = YES;
				COPY_PHASE_STRIP = NO;
				DEBUG_INFORMATION_FORMAT = dwarf;
				ENABLE_STRICT_OBJC_MSGSEND = YES;
				ENABLE_TESTABILITY = YES;
				GCC_C_LANGUAGE_STANDARD = gnu11;
				GCC_DYNAMIC_NO_PIC = NO;
				GCC_NO_COMMON_BLOCKS = YES;
				GCC_OPTIMIZATION_LEVEL = 0;
				GCC_PREPROCESSOR_DEFINITIONS = (
					"DEBUG=1",
					"$(inherited)",
				);
				GCC_WARN_64_TO_32_BIT_CONVERSION = YES;
				GCC_WARN_ABOUT_RETURN_TYPE = YES_ERROR;
				GCC_WARN_UNDECLARED_SELECTOR = YES;
				GCC_WARN_UNINITIALIZED_AUTOS = YES_AGGRESSIVE;
				GCC_WARN_UNUSED_FUNCTION = YES;
				GCC_WARN_UNUSED_VARIABLE = YES;
				IPHONEOS_DEPLOYMENT_TARGET = 14.3;
				MTL_ENABLE_DEBUG_INFO = INCLUDE_SOURCE;
				MTL_FAST_MATH = YES;
				ONLY_ACTIVE_ARCH = YES;
				SDKROOT = iphoneos;
				SWIFT_ACTIVE_COMPILATION_CONDITIONS = DEBUG;
				SWIFT_OPTIMIZATION_LEVEL = "-Onone";
			};
			name = Debug;
		};
		88AE520D2689C973008FFC50 /* Release */ = {
			isa = XCBuildConfiguration;
			buildSettings = {
				ALWAYS_SEARCH_USER_PATHS = NO;
				CLANG_ANALYZER_NONNULL = YES;
				CLANG_ANALYZER_NUMBER_OBJECT_CONVERSION = YES_AGGRESSIVE;
				CLANG_CXX_LANGUAGE_STANDARD = "gnu++14";
				CLANG_CXX_LIBRARY = "libc++";
				CLANG_ENABLE_MODULES = YES;
				CLANG_ENABLE_OBJC_ARC = YES;
				CLANG_ENABLE_OBJC_WEAK = YES;
				CLANG_WARN_BLOCK_CAPTURE_AUTORELEASING = YES;
				CLANG_WARN_BOOL_CONVERSION = YES;
				CLANG_WARN_COMMA = YES;
				CLANG_WARN_CONSTANT_CONVERSION = YES;
				CLANG_WARN_DEPRECATED_OBJC_IMPLEMENTATIONS = YES;
				CLANG_WARN_DIRECT_OBJC_ISA_USAGE = YES_ERROR;
				CLANG_WARN_DOCUMENTATION_COMMENTS = YES;
				CLANG_WARN_EMPTY_BODY = YES;
				CLANG_WARN_ENUM_CONVERSION = YES;
				CLANG_WARN_INFINITE_RECURSION = YES;
				CLANG_WARN_INT_CONVERSION = YES;
				CLANG_WARN_NON_LITERAL_NULL_CONVERSION = YES;
				CLANG_WARN_OBJC_IMPLICIT_RETAIN_SELF = YES;
				CLANG_WARN_OBJC_LITERAL_CONVERSION = YES;
				CLANG_WARN_OBJC_ROOT_CLASS = YES_ERROR;
				CLANG_WARN_QUOTED_INCLUDE_IN_FRAMEWORK_HEADER = YES;
				CLANG_WARN_RANGE_LOOP_ANALYSIS = YES;
				CLANG_WARN_STRICT_PROTOTYPES = YES;
				CLANG_WARN_SUSPICIOUS_MOVE = YES;
				CLANG_WARN_UNGUARDED_AVAILABILITY = YES_AGGRESSIVE;
				CLANG_WARN_UNREACHABLE_CODE = YES;
				CLANG_WARN__DUPLICATE_METHOD_MATCH = YES;
				COPY_PHASE_STRIP = NO;
				DEBUG_INFORMATION_FORMAT = "dwarf-with-dsym";
				ENABLE_NS_ASSERTIONS = NO;
				ENABLE_STRICT_OBJC_MSGSEND = YES;
				GCC_C_LANGUAGE_STANDARD = gnu11;
				GCC_NO_COMMON_BLOCKS = YES;
				GCC_WARN_64_TO_32_BIT_CONVERSION = YES;
				GCC_WARN_ABOUT_RETURN_TYPE = YES_ERROR;
				GCC_WARN_UNDECLARED_SELECTOR = YES;
				GCC_WARN_UNINITIALIZED_AUTOS = YES_AGGRESSIVE;
				GCC_WARN_UNUSED_FUNCTION = YES;
				GCC_WARN_UNUSED_VARIABLE = YES;
				IPHONEOS_DEPLOYMENT_TARGET = 14.3;
				MTL_ENABLE_DEBUG_INFO = NO;
				MTL_FAST_MATH = YES;
				SDKROOT = iphoneos;
				SWIFT_COMPILATION_MODE = wholemodule;
				SWIFT_OPTIMIZATION_LEVEL = "-O";
				VALIDATE_PRODUCT = YES;
			};
			name = Release;
		};
		88AE520F2689C973008FFC50 /* Debug */ = {
			isa = XCBuildConfiguration;
			buildSettings = {
				ASSETCATALOG_COMPILER_APPICON_NAME = AppIcon;
				ASSETCATALOG_COMPILER_GLOBAL_ACCENT_COLOR_NAME = AccentColor;
				CODE_SIGN_STYLE = Automatic;
				DEVELOPMENT_TEAM = 44ZWCLCJ2W;
				INFOPLIST_FILE = SocketChat/Info.plist;
				LD_RUNPATH_SEARCH_PATHS = (
					"$(inherited)",
					"@executable_path/Frameworks",
				);
				PRODUCT_BUNDLE_IDENTIFIER = com.icloud.valter4234.SocketChat;
				PRODUCT_NAME = "$(TARGET_NAME)";
				SWIFT_VERSION = 5.0;
				TARGETED_DEVICE_FAMILY = "1,2";
			};
			name = Debug;
		};
		88AE52102689C973008FFC50 /* Release */ = {
			isa = XCBuildConfiguration;
			buildSettings = {
				ASSETCATALOG_COMPILER_APPICON_NAME = AppIcon;
				ASSETCATALOG_COMPILER_GLOBAL_ACCENT_COLOR_NAME = AccentColor;
				CODE_SIGN_STYLE = Automatic;
				DEVELOPMENT_TEAM = 44ZWCLCJ2W;
				INFOPLIST_FILE = SocketChat/Info.plist;
				LD_RUNPATH_SEARCH_PATHS = (
					"$(inherited)",
					"@executable_path/Frameworks",
				);
				PRODUCT_BUNDLE_IDENTIFIER = com.icloud.valter4234.SocketChat;
				PRODUCT_NAME = "$(TARGET_NAME)";
				SWIFT_VERSION = 5.0;
				TARGETED_DEVICE_FAMILY = "1,2";
			};
			name = Release;
		};
/* End XCBuildConfiguration section */

/* Begin XCConfigurationList section */
		88AE51F52689C96F008FFC50 /* Build configuration list for PBXProject "SocketChat" */ = {
			isa = XCConfigurationList;
			buildConfigurations = (
				88AE520C2689C973008FFC50 /* Debug */,
				88AE520D2689C973008FFC50 /* Release */,
			);
			defaultConfigurationIsVisible = 0;
			defaultConfigurationName = Release;
		};
		88AE520E2689C973008FFC50 /* Build configuration list for PBXNativeTarget "SocketChat" */ = {
			isa = XCConfigurationList;
			buildConfigurations = (
				88AE520F2689C973008FFC50 /* Debug */,
				88AE52102689C973008FFC50 /* Release */,
			);
			defaultConfigurationIsVisible = 0;
			defaultConfigurationName = Release;
		};
/* End XCConfigurationList section */
	};
	rootObject = 88AE51F22689C96F008FFC50 /* Project object */;
}
